
Microsoft Visual Studio Solution File, Format Version 12.00
# Visual Studio Express 2012 for Web
Project("{CC5FD16D-436D-48AD-A40C-5A424C6E3E79}") = "WindowsAzure1", "WindowsAzure1\WindowsAzure1.ccproj", "{08FC6263-DE0D-451D-8806-F94C11AC560E}"
EndProject
Project("{FAE04EC0-301F-11D3-BF4B-00C04F79EFBC}") = "WebRole1", "WebRole1\WebRole1.csproj", "{0A495474-C7C0-46F3-93E4-B25722D4CA11}"
EndProject
Project("{FAE04EC0-301F-11D3-BF4B-00C04F79EFBC}") = "WorkerRole1", "WorkerRole1\WorkerRole1.csproj", "{3BCBBCB0-D1AA-4DCC-9A7A-E3F70533FE21}"
EndProject
Global
	GlobalSection(SolutionConfigurationPlatforms) = preSolution
		Debug|Any CPU = Debug|Any CPU
		Release|Any CPU = Release|Any CPU
	EndGlobalSection
	GlobalSection(ProjectConfigurationPlatforms) = postSolution
		{08FC6263-DE0D-451D-8806-F94C11AC560E}.Debug|Any CPU.ActiveCfg = Debug|Any CPU
		{08FC6263-DE0D-451D-8806-F94C11AC560E}.Debug|Any CPU.Build.0 = Debug|Any CPU
		{08FC6263-DE0D-451D-8806-F94C11AC560E}.Release|Any CPU.ActiveCfg = Release|Any CPU
		{08FC6263-DE0D-451D-8806-F94C11AC560E}.Release|Any CPU.Build.0 = Release|Any CPU
		{0A495474-C7C0-46F3-93E4-B25722D4CA11}.Debug|Any CPU.ActiveCfg = Debug|Any CPU
		{0A495474-C7C0-46F3-93E4-B25722D4CA11}.Debug|Any CPU.Build.0 = Debug|Any CPU
		{0A495474-C7C0-46F3-93E4-B25722D4CA11}.Release|Any CPU.ActiveCfg = Release|Any CPU
		{0A495474-C7C0-46F3-93E4-B25722D4CA11}.Release|Any CPU.Build.0 = Release|Any CPU
		{3BCBBCB0-D1AA-4DCC-9A7A-E3F70533FE21}.Debug|Any CPU.ActiveCfg = Debug|Any CPU
		{3BCBBCB0-D1AA-4DCC-9A7A-E3F70533FE21}.Debug|Any CPU.Build.0 = Debug|Any CPU
		{3BCBBCB0-D1AA-4DCC-9A7A-E3F70533FE21}.Release|Any CPU.ActiveCfg = Release|Any CPU
		{3BCBBCB0-D1AA-4DCC-9A7A-E3F70533FE21}.Release|Any CPU.Build.0 = Release|Any CPU
	EndGlobalSection
	GlobalSection(SolutionProperties) = preSolution
		HideSolutionNode = FALSE
	EndGlobalSection
EndGlobal
